
Microsoft Visual Studio Solution File, Format Version 12.00
# Visual Studio Version 17
VisualStudioVersion = 17.5.002.0
MinimumVisualStudioVersion = 10.0.40219.1
Project("{9A19103F-16F7-4668-BE54-9A1E7A4F7556}") = "ClimatePlatform", "ClimatePlatform.csproj", "{32571B5E-B576-42CE-AF2D-DD4D6FBE330B}"
EndProject
Project("{FAE04EC0-301F-11D3-BF4B-00C04F79EFBC}") = "ClimatePlatformWASM", "..\ClimatePlatformWASM\ClimatePlatformWASM.csproj", "{B46D2127-4D77-4F9C-9096-E2E04FFF03EF}"
EndProject
Global
	GlobalSection(SolutionConfigurationPlatforms) = preSolution
		Debug|Any CPU = Debug|Any CPU
		Release|Any CPU = Release|Any CPU
	EndGlobalSection
	GlobalSection(ProjectConfigurationPlatforms) = postSolution
		{32571B5E-B576-42CE-AF2D-DD4D6FBE330B}.Debug|Any CPU.ActiveCfg = Debug|Any CPU
		{32571B5E-B576-42CE-AF2D-DD4D6FBE330B}.Debug|Any CPU.Build.0 = Debug|Any CPU
		{32571B5E-B576-42CE-AF2D-DD4D6FBE330B}.Release|Any CPU.ActiveCfg = Release|Any CPU
		{32571B5E-B576-42CE-AF2D-DD4D6FBE330B}.Release|Any CPU.Build.0 = Release|Any CPU
		{B46D2127-4D77-4F9C-9096-E2E04FFF03EF}.Debug|Any CPU.ActiveCfg = Debug|Any CPU
		{B46D2127-4D77-4F9C-9096-E2E04FFF03EF}.Debug|Any CPU.Build.0 = Debug|Any CPU
		{B46D2127-4D77-4F9C-9096-E2E04FFF03EF}.Release|Any CPU.ActiveCfg = Release|Any CPU
		{B46D2127-4D77-4F9C-9096-E2E04FFF03EF}.Release|Any CPU.Build.0 = Release|Any CPU
	EndGlobalSection
	GlobalSection(SolutionProperties) = preSolution
		HideSolutionNode = FALSE
	EndGlobalSection
	GlobalSection(ExtensibilityGlobals) = postSolution
		SolutionGuid = {CE3C2C89-0543-4A16-B382-53C2CCDADBD5}
	EndGlobalSection
EndGlobal
